// !$*UTF8*$!
{
	archiveVersion = 1;
	classes = {
	};
	objectVersion = 50;
	objects = {

/* Begin PBXBuildFile section */
		BFC1B08626335511003CDFAF /* AppDelegate.swift in Sources */ = {isa = PBXBuildFile; fileRef = BFC1B08526335511003CDFAF /* AppDelegate.swift */; };
		BFC1B08826335511003CDFAF /* SceneDelegate.swift in Sources */ = {isa = PBXBuildFile; fileRef = BFC1B08726335511003CDFAF /* SceneDelegate.swift */; };
		BFC1B08A26335511003CDFAF /* ViewController.swift in Sources */ = {isa = PBXBuildFile; fileRef = BFC1B08926335511003CDFAF /* ViewController.swift */; };
		BFC1B08D26335511003CDFAF /* Main.storyboard in Resources */ = {isa = PBXBuildFile; fileRef = BFC1B08B26335511003CDFAF /* Main.storyboard */; };
		BFC1B09026335511003CDFAF /* Pokedex.xcdatamodeld in Sources */ = {isa = PBXBuildFile; fileRef = BFC1B08E26335511003CDFAF /* Pokedex.xcdatamodeld */; };
		BFC1B09226335514003CDFAF /* Assets.xcassets in Resources */ = {isa = PBXBuildFile; fileRef = BFC1B09126335514003CDFAF /* Assets.xcassets */; };
		BFC1B09526335514003CDFAF /* LaunchScreen.storyboard in Resources */ = {isa = PBXBuildFile; fileRef = BFC1B09326335514003CDFAF /* LaunchScreen.storyboard */; };
		BFC1B0A026335515003CDFAF /* PokedexTests.swift in Sources */ = {isa = PBXBuildFile; fileRef = BFC1B09F26335515003CDFAF /* PokedexTests.swift */; };
		BFC1B0AB26335515003CDFAF /* PokedexUITests.swift in Sources */ = {isa = PBXBuildFile; fileRef = BFC1B0AA26335515003CDFAF /* PokedexUITests.swift */; };
/* End PBXBuildFile section */

/* Begin PBXContainerItemProxy section */
		BFC1B09C26335515003CDFAF /* PBXContainerItemProxy */ = {
			isa = PBXContainerItemProxy;
			containerPortal = BFC1B07A26335511003CDFAF /* Project object */;
			proxyType = 1;
			remoteGlobalIDString = BFC1B08126335511003CDFAF;
			remoteInfo = Pokedex;
		};
		BFC1B0A726335515003CDFAF /* PBXContainerItemProxy */ = {
			isa = PBXContainerItemProxy;
			containerPortal = BFC1B07A26335511003CDFAF /* Project object */;
			proxyType = 1;
			remoteGlobalIDString = BFC1B08126335511003CDFAF;
			remoteInfo = Pokedex;
		};
/* End PBXContainerItemProxy section */

/* Begin PBXFileReference section */
		BFC1B08226335511003CDFAF /* Pokedex.app */ = {isa = PBXFileReference; explicitFileType = wrapper.application; includeInIndex = 0; path = Pokedex.app; sourceTree = BUILT_PRODUCTS_DIR; };
		BFC1B08526335511003CDFAF /* AppDelegate.swift */ = {isa = PBXFileReference; lastKnownFileType = sourcecode.swift; path = AppDelegate.swift; sourceTree = "<group>"; };
		BFC1B08726335511003CDFAF /* SceneDelegate.swift */ = {isa = PBXFileReference; lastKnownFileType = sourcecode.swift; path = SceneDelegate.swift; sourceTree = "<group>"; };
		BFC1B08926335511003CDFAF /* ViewController.swift */ = {isa = PBXFileReference; lastKnownFileType = sourcecode.swift; path = ViewController.swift; sourceTree = "<group>"; };
		BFC1B08C26335511003CDFAF /* Base */ = {isa = PBXFileReference; lastKnownFileType = file.storyboard; name = Base; path = Base.lproj/Main.storyboard; sourceTree = "<group>"; };
		BFC1B08F26335511003CDFAF /* Pokedex.xcdatamodel */ = {isa = PBXFileReference; lastKnownFileType = wrapper.xcdatamodel; path = Pokedex.xcdatamodel; sourceTree = "<group>"; };
		BFC1B09126335514003CDFAF /* Assets.xcassets */ = {isa = PBXFileReference; lastKnownFileType = folder.assetcatalog; path = Assets.xcassets; sourceTree = "<group>"; };
		BFC1B09426335514003CDFAF /* Base */ = {isa = PBXFileReference; lastKnownFileType = file.storyboard; name = Base; path = Base.lproj/LaunchScreen.storyboard; sourceTree = "<group>"; };
		BFC1B09626335514003CDFAF /* Info.plist */ = {isa = PBXFileReference; lastKnownFileType = text.plist.xml; path = Info.plist; sourceTree = "<group>"; };
		BFC1B09B26335515003CDFAF /* PokedexTests.xctest */ = {isa = PBXFileReference; explicitFileType = wrapper.cfbundle; includeInIndex = 0; path = PokedexTests.xctest; sourceTree = BUILT_PRODUCTS_DIR; };
		BFC1B09F26335515003CDFAF /* PokedexTests.swift */ = {isa = PBXFileReference; lastKnownFileType = sourcecode.swift; path = PokedexTests.swift; sourceTree = "<group>"; };
		BFC1B0A126335515003CDFAF /* Info.plist */ = {isa = PBXFileReference; lastKnownFileType = text.plist.xml; path = Info.plist; sourceTree = "<group>"; };
		BFC1B0A626335515003CDFAF /* PokedexUITests.xctest */ = {isa = PBXFileReference; explicitFileType = wrapper.cfbundle; includeInIndex = 0; path = PokedexUITests.xctest; sourceTree = BUILT_PRODUCTS_DIR; };
		BFC1B0AA26335515003CDFAF /* PokedexUITests.swift */ = {isa = PBXFileReference; lastKnownFileType = sourcecode.swift; path = PokedexUITests.swift; sourceTree = "<group>"; };
		BFC1B0AC26335515003CDFAF /* Info.plist */ = {isa = PBXFileReference; lastKnownFileType = text.plist.xml; path = Info.plist; sourceTree = "<group>"; };
/* End PBXFileReference section */

/* Begin PBXFrameworksBuildPhase section */
		BFC1B07F26335511003CDFAF /* Frameworks */ = {
			isa = PBXFrameworksBuildPhase;
			buildActionMask = 2147483647;
			files = (
			);
			runOnlyForDeploymentPostprocessing = 0;
		};
		BFC1B09826335515003CDFAF /* Frameworks */ = {
			isa = PBXFrameworksBuildPhase;
			buildActionMask = 2147483647;
			files = (
			);
			runOnlyForDeploymentPostprocessing = 0;
		};
		BFC1B0A326335515003CDFAF /* Frameworks */ = {
			isa = PBXFrameworksBuildPhase;
			buildActionMask = 2147483647;
			files = (
			);
			runOnlyForDeploymentPostprocessing = 0;
		};
/* End PBXFrameworksBuildPhase section */

/* Begin PBXGroup section */
		BFC1B07926335511003CDFAF = {
			isa = PBXGroup;
			children = (
				BFC1B08426335511003CDFAF /* Pokedex */,
				BFC1B09E26335515003CDFAF /* PokedexTests */,
				BFC1B0A926335515003CDFAF /* PokedexUITests */,
				BFC1B08326335511003CDFAF /* Products */,
			);
			sourceTree = "<group>";
		};
		BFC1B08326335511003CDFAF /* Products */ = {
			isa = PBXGroup;
			children = (
				BFC1B08226335511003CDFAF /* Pokedex.app */,
				BFC1B09B26335515003CDFAF /* PokedexTests.xctest */,
				BFC1B0A626335515003CDFAF /* PokedexUITests.xctest */,
			);
			name = Products;
			sourceTree = "<group>";
		};
		BFC1B08426335511003CDFAF /* Pokedex */ = {
			isa = PBXGroup;
			children = (
				BFC1B08526335511003CDFAF /* AppDelegate.swift */,
				BFC1B08726335511003CDFAF /* SceneDelegate.swift */,
				BFC1B08926335511003CDFAF /* ViewController.swift */,
				BFC1B08B26335511003CDFAF /* Main.storyboard */,
				BFC1B09126335514003CDFAF /* Assets.xcassets */,
				BFC1B09326335514003CDFAF /* LaunchScreen.storyboard */,
				BFC1B09626335514003CDFAF /* Info.plist */,
				BFC1B08E26335511003CDFAF /* Pokedex.xcdatamodeld */,
			);
			path = Pokedex;
			sourceTree = "<group>";
		};
		BFC1B09E26335515003CDFAF /* PokedexTests */ = {
			isa = PBXGroup;
			children = (
				BFC1B09F26335515003CDFAF /* PokedexTests.swift */,
				BFC1B0A126335515003CDFAF /* Info.plist */,
			);
			path = PokedexTests;
			sourceTree = "<group>";
		};
		BFC1B0A926335515003CDFAF /* PokedexUITests */ = {
			isa = PBXGroup;
			children = (
				BFC1B0AA26335515003CDFAF /* PokedexUITests.swift */,
				BFC1B0AC26335515003CDFAF /* Info.plist */,
			);
			path = PokedexUITests;
			sourceTree = "<group>";
		};
/* End PBXGroup section */

/* Begin PBXNativeTarget section */
		BFC1B08126335511003CDFAF /* Pokedex */ = {
			isa = PBXNativeTarget;
			buildConfigurationList = BFC1B0AF26335515003CDFAF /* Build configuration list for PBXNativeTarget "Pokedex" */;
			buildPhases = (
				BFC1B07E26335511003CDFAF /* Sources */,
				BFC1B07F26335511003CDFAF /* Frameworks */,
				BFC1B08026335511003CDFAF /* Resources */,
			);
			buildRules = (
			);
			dependencies = (
			);
			name = Pokedex;
			productName = Pokedex;
			productReference = BFC1B08226335511003CDFAF /* Pokedex.app */;
			productType = "com.apple.product-type.application";
		};
		BFC1B09A26335515003CDFAF /* PokedexTests */ = {
			isa = PBXNativeTarget;
			buildConfigurationList = BFC1B0B226335515003CDFAF /* Build configuration list for PBXNativeTarget "PokedexTests" */;
			buildPhases = (
				BFC1B09726335515003CDFAF /* Sources */,
				BFC1B09826335515003CDFAF /* Frameworks */,
				BFC1B09926335515003CDFAF /* Resources */,
			);
			buildRules = (
			);
			dependencies = (
				BFC1B09D26335515003CDFAF /* PBXTargetDependency */,
			);
			name = PokedexTests;
			productName = PokedexTests;
			productReference = BFC1B09B26335515003CDFAF /* PokedexTests.xctest */;
			productType = "com.apple.product-type.bundle.unit-test";
		};
		BFC1B0A526335515003CDFAF /* PokedexUITests */ = {
			isa = PBXNativeTarget;
			buildConfigurationList = BFC1B0B526335515003CDFAF /* Build configuration list for PBXNativeTarget "PokedexUITests" */;
			buildPhases = (
				BFC1B0A226335515003CDFAF /* Sources */,
				BFC1B0A326335515003CDFAF /* Frameworks */,
				BFC1B0A426335515003CDFAF /* Resources */,
			);
			buildRules = (
			);
			dependencies = (
				BFC1B0A826335515003CDFAF /* PBXTargetDependency */,
			);
			name = PokedexUITests;
			productName = PokedexUITests;
			productReference = BFC1B0A626335515003CDFAF /* PokedexUITests.xctest */;
			productType = "com.apple.product-type.bundle.ui-testing";
		};
/* End PBXNativeTarget section */

/* Begin PBXProject section */
		BFC1B07A26335511003CDFAF /* Project object */ = {
			isa = PBXProject;
			attributes = {
				LastSwiftUpdateCheck = 1240;
				LastUpgradeCheck = 1240;
				TargetAttributes = {
					BFC1B08126335511003CDFAF = {
						CreatedOnToolsVersion = 12.4;
					};
					BFC1B09A26335515003CDFAF = {
						CreatedOnToolsVersion = 12.4;
						TestTargetID = BFC1B08126335511003CDFAF;
					};
					BFC1B0A526335515003CDFAF = {
						CreatedOnToolsVersion = 12.4;
						TestTargetID = BFC1B08126335511003CDFAF;
					};
				};
			};
			buildConfigurationList = BFC1B07D26335511003CDFAF /* Build configuration list for PBXProject "Pokedex" */;
			compatibilityVersion = "Xcode 9.3";
			developmentRegion = en;
			hasScannedForEncodings = 0;
			knownRegions = (
				en,
				Base,
			);
			mainGroup = BFC1B07926335511003CDFAF;
			productRefGroup = BFC1B08326335511003CDFAF /* Products */;
			projectDirPath = "";
			projectRoot = "";
			targets = (
				BFC1B08126335511003CDFAF /* Pokedex */,
				BFC1B09A26335515003CDFAF /* PokedexTests */,
				BFC1B0A526335515003CDFAF /* PokedexUITests */,
			);
		};
/* End PBXProject section */

/* Begin PBXResourcesBuildPhase section */
		BFC1B08026335511003CDFAF /* Resources */ = {
			isa = PBXResourcesBuildPhase;
			buildActionMask = 2147483647;
			files = (
				BFC1B09526335514003CDFAF /* LaunchScreen.storyboard in Resources */,
				BFC1B09226335514003CDFAF /* Assets.xcassets in Resources */,
				BFC1B08D26335511003CDFAF /* Main.storyboard in Resources */,
			);
			runOnlyForDeploymentPostprocessing = 0;
		};
		BFC1B09926335515003CDFAF /* Resources */ = {
			isa = PBXResourcesBuildPhase;
			buildActionMask = 2147483647;
			files = (
			);
			runOnlyForDeploymentPostprocessing = 0;
		};
		BFC1B0A426335515003CDFAF /* Resources */ = {
			isa = PBXResourcesBuildPhase;
			buildActionMask = 2147483647;
			files = (
			);
			runOnlyForDeploymentPostprocessing = 0;
		};
/* End PBXResourcesBuildPhase section */

/* Begin PBXSourcesBuildPhase section */
		BFC1B07E26335511003CDFAF /* Sources */ = {
			isa = PBXSourcesBuildPhase;
			buildActionMask = 2147483647;
			files = (
				BFC1B09026335511003CDFAF /* Pokedex.xcdatamodeld in Sources */,
				BFC1B08A26335511003CDFAF /* ViewController.swift in Sources */,
				BFC1B08626335511003CDFAF /* AppDelegate.swift in Sources */,
				BFC1B08826335511003CDFAF /* SceneDelegate.swift in Sources */,
			);
			runOnlyForDeploymentPostprocessing = 0;
		};
		BFC1B09726335515003CDFAF /* Sources */ = {
			isa = PBXSourcesBuildPhase;
			buildActionMask = 2147483647;
			files = (
				BFC1B0A026335515003CDFAF /* PokedexTests.swift in Sources */,
			);
			runOnlyForDeploymentPostprocessing = 0;
		};
		BFC1B0A226335515003CDFAF /* Sources */ = {
			isa = PBXSourcesBuildPhase;
			buildActionMask = 2147483647;
			files = (
				BFC1B0AB26335515003CDFAF /* PokedexUITests.swift in Sources */,
			);
			runOnlyForDeploymentPostprocessing = 0;
		};
/* End PBXSourcesBuildPhase section */

/* Begin PBXTargetDependency section */
		BFC1B09D26335515003CDFAF /* PBXTargetDependency */ = {
			isa = PBXTargetDependency;
			target = BFC1B08126335511003CDFAF /* Pokedex */;
			targetProxy = BFC1B09C26335515003CDFAF /* PBXContainerItemProxy */;
		};
		BFC1B0A826335515003CDFAF /* PBXTargetDependency */ = {
			isa = PBXTargetDependency;
			target = BFC1B08126335511003CDFAF /* Pokedex */;
			targetProxy = BFC1B0A726335515003CDFAF /* PBXContainerItemProxy */;
		};
/* End PBXTargetDependency section */

/* Begin PBXVariantGroup section */
		BFC1B08B26335511003CDFAF /* Main.storyboard */ = {
			isa = PBXVariantGroup;
			children = (
				BFC1B08C26335511003CDFAF /* Base */,
			);
			name = Main.storyboard;
			sourceTree = "<group>";
		};
		BFC1B09326335514003CDFAF /* LaunchScreen.storyboard */ = {
			isa = PBXVariantGroup;
			children = (
				BFC1B09426335514003CDFAF /* Base */,
			);
			name = LaunchScreen.storyboard;
			sourceTree = "<group>";
		};
/* End PBXVariantGroup section */

/* Begin XCBuildConfiguration section */
		BFC1B0AD26335515003CDFAF /* Debug */ = {
			isa = XCBuildConfiguration;
			buildSettings = {
				ALWAYS_SEARCH_USER_PATHS = NO;
				CLANG_ANALYZER_NONNULL = YES;
				CLANG_ANALYZER_NUMBER_OBJECT_CONVERSION = YES_AGGRESSIVE;
				CLANG_CXX_LANGUAGE_STANDARD = "gnu++14";
				CLANG_CXX_LIBRARY = "libc++";
				CLANG_ENABLE_MODULES = YES;
				CLANG_ENABLE_OBJC_ARC = YES;
				CLANG_ENABLE_OBJC_WEAK = YES;
				CLANG_WARN_BLOCK_CAPTURE_AUTORELEASING = YES;
				CLANG_WARN_BOOL_CONVERSION = YES;
				CLANG_WARN_COMMA = YES;
				CLANG_WARN_CONSTANT_CONVERSION = YES;
				CLANG_WARN_DEPRECATED_OBJC_IMPLEMENTATIONS = YES;
				CLANG_WARN_DIRECT_OBJC_ISA_USAGE = YES_ERROR;
				CLANG_WARN_DOCUMENTATION_COMMENTS = YES;
				CLANG_WARN_EMPTY_BODY = YES;
				CLANG_WARN_ENUM_CONVERSION = YES;
				CLANG_WARN_INFINITE_RECURSION = YES;
				CLANG_WARN_INT_CONVERSION = YES;
				CLANG_WARN_NON_LITERAL_NULL_CONVERSION = YES;
				CLANG_WARN_OBJC_IMPLICIT_RETAIN_SELF = YES;
				CLANG_WARN_OBJC_LITERAL_CONVERSION = YES;
				CLANG_WARN_OBJC_ROOT_CLASS = YES_ERROR;
				CLANG_WARN_QUOTED_INCLUDE_IN_FRAMEWORK_HEADER = YES;
				CLANG_WARN_RANGE_LOOP_ANALYSIS = YES;
				CLANG_WARN_STRICT_PROTOTYPES = YES;
				CLANG_WARN_SUSPICIOUS_MOVE = YES;
				CLANG_WARN_UNGUARDED_AVAILABILITY = YES_AGGRESSIVE;
				CLANG_WARN_UNREACHABLE_CODE = YES;
				CLANG_WARN__DUPLICATE_METHOD_MATCH = YES;
				COPY_PHASE_STRIP = NO;
				DEBUG_INFORMATION_FORMAT = dwarf;
				ENABLE_STRICT_OBJC_MSGSEND = YES;
				ENABLE_TESTABILITY = YES;
				GCC_C_LANGUAGE_STANDARD = gnu11;
				GCC_DYNAMIC_NO_PIC = NO;
				GCC_NO_COMMON_BLOCKS = YES;
				GCC_OPTIMIZATION_LEVEL = 0;
				GCC_PREPROCESSOR_DEFINITIONS = (
					"DEBUG=1",
					"$(inherited)",
				);
				GCC_WARN_64_TO_32_BIT_CONVERSION = YES;
				GCC_WARN_ABOUT_RETURN_TYPE = YES_ERROR;
				GCC_WARN_UNDECLARED_SELECTOR = YES;
				GCC_WARN_UNINITIALIZED_AUTOS = YES_AGGRESSIVE;
				GCC_WARN_UNUSED_FUNCTION = YES;
				GCC_WARN_UNUSED_VARIABLE = YES;
				IPHONEOS_DEPLOYMENT_TARGET = 14.4;
				MTL_ENABLE_DEBUG_INFO = INCLUDE_SOURCE;
				MTL_FAST_MATH = YES;
				ONLY_ACTIVE_ARCH = YES;
				SDKROOT = iphoneos;
				SWIFT_ACTIVE_COMPILATION_CONDITIONS = DEBUG;
				SWIFT_OPTIMIZATION_LEVEL = "-Onone";
			};
			name = Debug;
		};
		BFC1B0AE26335515003CDFAF /* Release */ = {
			isa = XCBuildConfiguration;
			buildSettings = {
				ALWAYS_SEARCH_USER_PATHS = NO;
				CLANG_ANALYZER_NONNULL = YES;
				CLANG_ANALYZER_NUMBER_OBJECT_CONVERSION = YES_AGGRESSIVE;
				CLANG_CXX_LANGUAGE_STANDARD = "gnu++14";
				CLANG_CXX_LIBRARY = "libc++";
				CLANG_ENABLE_MODULES = YES;
				CLANG_ENABLE_OBJC_ARC = YES;
				CLANG_ENABLE_OBJC_WEAK = YES;
				CLANG_WARN_BLOCK_CAPTURE_AUTORELEASING = YES;
				CLANG_WARN_BOOL_CONVERSION = YES;
				CLANG_WARN_COMMA = YES;
				CLANG_WARN_CONSTANT_CONVERSION = YES;
				CLANG_WARN_DEPRECATED_OBJC_IMPLEMENTATIONS = YES;
				CLANG_WARN_DIRECT_OBJC_ISA_USAGE = YES_ERROR;
				CLANG_WARN_DOCUMENTATION_COMMENTS = YES;
				CLANG_WARN_EMPTY_BODY = YES;
				CLANG_WARN_ENUM_CONVERSION = YES;
				CLANG_WARN_INFINITE_RECURSION = YES;
				CLANG_WARN_INT_CONVERSION = YES;
				CLANG_WARN_NON_LITERAL_NULL_CONVERSION = YES;
				CLANG_WARN_OBJC_IMPLICIT_RETAIN_SELF = YES;
				CLANG_WARN_OBJC_LITERAL_CONVERSION = YES;
				CLANG_WARN_OBJC_ROOT_CLASS = YES_ERROR;
				CLANG_WARN_QUOTED_INCLUDE_IN_FRAMEWORK_HEADER = YES;
				CLANG_WARN_RANGE_LOOP_ANALYSIS = YES;
				CLANG_WARN_STRICT_PROTOTYPES = YES;
				CLANG_WARN_SUSPICIOUS_MOVE = YES;
				CLANG_WARN_UNGUARDED_AVAILABILITY = YES_AGGRESSIVE;
				CLANG_WARN_UNREACHABLE_CODE = YES;
				CLANG_WARN__DUPLICATE_METHOD_MATCH = YES;
				COPY_PHASE_STRIP = NO;
				DEBUG_INFORMATION_FORMAT = "dwarf-with-dsym";
				ENABLE_NS_ASSERTIONS = NO;
				ENABLE_STRICT_OBJC_MSGSEND = YES;
				GCC_C_LANGUAGE_STANDARD = gnu11;
				GCC_NO_COMMON_BLOCKS = YES;
				GCC_WARN_64_TO_32_BIT_CONVERSION = YES;
				GCC_WARN_ABOUT_RETURN_TYPE = YES_ERROR;
				GCC_WARN_UNDECLARED_SELECTOR = YES;
				GCC_WARN_UNINITIALIZED_AUTOS = YES_AGGRESSIVE;
				GCC_WARN_UNUSED_FUNCTION = YES;
				GCC_WARN_UNUSED_VARIABLE = YES;
				IPHONEOS_DEPLOYMENT_TARGET = 14.4;
				MTL_ENABLE_DEBUG_INFO = NO;
				MTL_FAST_MATH = YES;
				SDKROOT = iphoneos;
				SWIFT_COMPILATION_MODE = wholemodule;
				SWIFT_OPTIMIZATION_LEVEL = "-O";
				VALIDATE_PRODUCT = YES;
			};
			name = Release;
		};
		BFC1B0B026335515003CDFAF /* Debug */ = {
			isa = XCBuildConfiguration;
			buildSettings = {
				ASSETCATALOG_COMPILER_APPICON_NAME = AppIcon;
				ASSETCATALOG_COMPILER_GLOBAL_ACCENT_COLOR_NAME = AccentColor;
				CODE_SIGN_STYLE = Automatic;
				INFOPLIST_FILE = Pokedex/Info.plist;
				LD_RUNPATH_SEARCH_PATHS = (
					"$(inherited)",
					"@executable_path/Frameworks",
				);
				PRODUCT_BUNDLE_IDENTIFIER = com.bersoncrios.Pokedex;
				PRODUCT_NAME = "$(TARGET_NAME)";
				SWIFT_VERSION = 5.0;
				TARGETED_DEVICE_FAMILY = "1,2";
			};
			name = Debug;
		};
		BFC1B0B126335515003CDFAF /* Release */ = {
			isa = XCBuildConfiguration;
			buildSettings = {
				ASSETCATALOG_COMPILER_APPICON_NAME = AppIcon;
				ASSETCATALOG_COMPILER_GLOBAL_ACCENT_COLOR_NAME = AccentColor;
				CODE_SIGN_STYLE = Automatic;
				INFOPLIST_FILE = Pokedex/Info.plist;
				LD_RUNPATH_SEARCH_PATHS = (
					"$(inherited)",
					"@executable_path/Frameworks",
				);
				PRODUCT_BUNDLE_IDENTIFIER = com.bersoncrios.Pokedex;
				PRODUCT_NAME = "$(TARGET_NAME)";
				SWIFT_VERSION = 5.0;
				TARGETED_DEVICE_FAMILY = "1,2";
			};
			name = Release;
		};
		BFC1B0B326335515003CDFAF /* Debug */ = {
			isa = XCBuildConfiguration;
			buildSettings = {
				ALWAYS_EMBED_SWIFT_STANDARD_LIBRARIES = YES;
				BUNDLE_LOADER = "$(TEST_HOST)";
				CODE_SIGN_STYLE = Automatic;
				INFOPLIST_FILE = PokedexTests/Info.plist;
				IPHONEOS_DEPLOYMENT_TARGET = 14.4;
				LD_RUNPATH_SEARCH_PATHS = (
					"$(inherited)",
					"@executable_path/Frameworks",
					"@loader_path/Frameworks",
				);
				PRODUCT_BUNDLE_IDENTIFIER = com.bersoncrios.PokedexTests;
				PRODUCT_NAME = "$(TARGET_NAME)";
				SWIFT_VERSION = 5.0;
				TARGETED_DEVICE_FAMILY = "1,2";
				TEST_HOST = "$(BUILT_PRODUCTS_DIR)/Pokedex.app/Pokedex";
			};
			name = Debug;
		};
		BFC1B0B426335515003CDFAF /* Release */ = {
			isa = XCBuildConfiguration;
			buildSettings = {
				ALWAYS_EMBED_SWIFT_STANDARD_LIBRARIES = YES;
				BUNDLE_LOADER = "$(TEST_HOST)";
				CODE_SIGN_STYLE = Automatic;
				INFOPLIST_FILE = PokedexTests/Info.plist;
				IPHONEOS_DEPLOYMENT_TARGET = 14.4;
				LD_RUNPATH_SEARCH_PATHS = (
					"$(inherited)",
					"@executable_path/Frameworks",
					"@loader_path/Frameworks",
				);
				PRODUCT_BUNDLE_IDENTIFIER = com.bersoncrios.PokedexTests;
				PRODUCT_NAME = "$(TARGET_NAME)";
				SWIFT_VERSION = 5.0;
				TARGETED_DEVICE_FAMILY = "1,2";
				TEST_HOST = "$(BUILT_PRODUCTS_DIR)/Pokedex.app/Pokedex";
			};
			name = Release;
		};
		BFC1B0B626335515003CDFAF /* Debug */ = {
			isa = XCBuildConfiguration;
			buildSettings = {
				ALWAYS_EMBED_SWIFT_STANDARD_LIBRARIES = YES;
				CODE_SIGN_STYLE = Automatic;
				INFOPLIST_FILE = PokedexUITests/Info.plist;
				LD_RUNPATH_SEARCH_PATHS = (
					"$(inherited)",
					"@executable_path/Frameworks",
					"@loader_path/Frameworks",
				);
				PRODUCT_BUNDLE_IDENTIFIER = com.bersoncrios.PokedexUITests;
				PRODUCT_NAME = "$(TARGET_NAME)";
				SWIFT_VERSION = 5.0;
				TARGETED_DEVICE_FAMILY = "1,2";
				TEST_TARGET_NAME = Pokedex;
			};
			name = Debug;
		};
		BFC1B0B726335515003CDFAF /* Release */ = {
			isa = XCBuildConfiguration;
			buildSettings = {
				ALWAYS_EMBED_SWIFT_STANDARD_LIBRARIES = YES;
				CODE_SIGN_STYLE = Automatic;
				INFOPLIST_FILE = PokedexUITests/Info.plist;
				LD_RUNPATH_SEARCH_PATHS = (
					"$(inherited)",
					"@executable_path/Frameworks",
					"@loader_path/Frameworks",
				);
				PRODUCT_BUNDLE_IDENTIFIER = com.bersoncrios.PokedexUITests;
				PRODUCT_NAME = "$(TARGET_NAME)";
				SWIFT_VERSION = 5.0;
				TARGETED_DEVICE_FAMILY = "1,2";
				TEST_TARGET_NAME = Pokedex;
			};
			name = Release;
		};
/* End XCBuildConfiguration section */

/* Begin XCConfigurationList section */
		BFC1B07D26335511003CDFAF /* Build configuration list for PBXProject "Pokedex" */ = {
			isa = XCConfigurationList;
			buildConfigurations = (
				BFC1B0AD26335515003CDFAF /* Debug */,
				BFC1B0AE26335515003CDFAF /* Release */,
			);
			defaultConfigurationIsVisible = 0;
			defaultConfigurationName = Release;
		};
		BFC1B0AF26335515003CDFAF /* Build configuration list for PBXNativeTarget "Pokedex" */ = {
			isa = XCConfigurationList;
			buildConfigurations = (
				BFC1B0B026335515003CDFAF /* Debug */,
				BFC1B0B126335515003CDFAF /* Release */,
			);
			defaultConfigurationIsVisible = 0;
			defaultConfigurationName = Release;
		};
		BFC1B0B226335515003CDFAF /* Build configuration list for PBXNativeTarget "PokedexTests" */ = {
			isa = XCConfigurationList;
			buildConfigurations = (
				BFC1B0B326335515003CDFAF /* Debug */,
				BFC1B0B426335515003CDFAF /* Release */,
			);
			defaultConfigurationIsVisible = 0;
			defaultConfigurationName = Release;
		};
		BFC1B0B526335515003CDFAF /* Build configuration list for PBXNativeTarget "PokedexUITests" */ = {
			isa = XCConfigurationList;
			buildConfigurations = (
				BFC1B0B626335515003CDFAF /* Debug */,
				BFC1B0B726335515003CDFAF /* Release */,
			);
			defaultConfigurationIsVisible = 0;
			defaultConfigurationName = Release;
		};
/* End XCConfigurationList section */

/* Begin XCVersionGroup section */
		BFC1B08E26335511003CDFAF /* Pokedex.xcdatamodeld */ = {
			isa = XCVersionGroup;
			children = (
				BFC1B08F26335511003CDFAF /* Pokedex.xcdatamodel */,
			);
			currentVersion = BFC1B08F26335511003CDFAF /* Pokedex.xcdatamodel */;
			path = Pokedex.xcdatamodeld;
			sourceTree = "<group>";
			versionGroupType = wrapper.xcdatamodel;
		};
/* End XCVersionGroup section */
	};
	rootObject = BFC1B07A26335511003CDFAF /* Project object */;
}
